
Microsoft Visual Studio Solution File, Format Version 12.00
# Visual Studio Version 17
VisualStudioVersion = 17.0.31903.59
MinimumVisualStudioVersion = 10.0.40219.1
Project("{FAE04EC0-301F-11D3-BF4B-00C04F79EFBC}") = "Domain", "Domain\Domain.csproj", "{32601D15-272F-4209-B02A-535609F6D79C}"
EndProject
Project("{FAE04EC0-301F-11D3-BF4B-00C04F79EFBC}") = "Application", "Application\Application.csproj", "{E33A2834-0281-495E-B117-0491DB2EC0BD}"
EndProject
Project("{FAE04EC0-301F-11D3-BF4B-00C04F79EFBC}") = "Infrastructure", "Infrastructure\Infrastructure.csproj", "{7811848B-7AC6-4583-B992-3593C30149C4}"
EndProject
Project("{FAE04EC0-301F-11D3-BF4B-00C04F79EFBC}") = "API", "API\API.csproj", "{65AABF3D-D632-4B24-AA44-44AB5030C732}"
EndProject
Global
	GlobalSection(SolutionConfigurationPlatforms) = preSolution
		Debug|Any CPU = Debug|Any CPU
		Release|Any CPU = Release|Any CPU
	EndGlobalSection
	GlobalSection(SolutionProperties) = preSolution
		HideSolutionNode = FALSE
	EndGlobalSection
	GlobalSection(ProjectConfigurationPlatforms) = postSolution
		{32601D15-272F-4209-B02A-535609F6D79C}.Debug|Any CPU.ActiveCfg = Debug|Any CPU
		{32601D15-272F-4209-B02A-535609F6D79C}.Debug|Any CPU.Build.0 = Debug|Any CPU
		{32601D15-272F-4209-B02A-535609F6D79C}.Release|Any CPU.ActiveCfg = Release|Any CPU
		{32601D15-272F-4209-B02A-535609F6D79C}.Release|Any CPU.Build.0 = Release|Any CPU
		{E33A2834-0281-495E-B117-0491DB2EC0BD}.Debug|Any CPU.ActiveCfg = Debug|Any CPU
		{E33A2834-0281-495E-B117-0491DB2EC0BD}.Debug|Any CPU.Build.0 = Debug|Any CPU
		{E33A2834-0281-495E-B117-0491DB2EC0BD}.Release|Any CPU.ActiveCfg = Release|Any CPU
		{E33A2834-0281-495E-B117-0491DB2EC0BD}.Release|Any CPU.Build.0 = Release|Any CPU
		{7811848B-7AC6-4583-B992-3593C30149C4}.Debug|Any CPU.ActiveCfg = Debug|Any CPU
		{7811848B-7AC6-4583-B992-3593C30149C4}.Debug|Any CPU.Build.0 = Debug|Any CPU
		{7811848B-7AC6-4583-B992-3593C30149C4}.Release|Any CPU.ActiveCfg = Release|Any CPU
		{7811848B-7AC6-4583-B992-3593C30149C4}.Release|Any CPU.Build.0 = Release|Any CPU
		{65AABF3D-D632-4B24-AA44-44AB5030C732}.Debug|Any CPU.ActiveCfg = Debug|Any CPU
		{65AABF3D-D632-4B24-AA44-44AB5030C732}.Debug|Any CPU.Build.0 = Debug|Any CPU
		{65AABF3D-D632-4B24-AA44-44AB5030C732}.Release|Any CPU.ActiveCfg = Release|Any CPU
		{65AABF3D-D632-4B24-AA44-44AB5030C732}.Release|Any CPU.Build.0 = Release|Any CPU
	EndGlobalSection
EndGlobal
